
Microsoft Visual Studio Solution File, Format Version 12.00
# Visual Studio Version 17
VisualStudioVersion = 17.5.002.0
MinimumVisualStudioVersion = 10.0.40219.1
Project("{9A19103F-16F7-4668-BE54-9A1E7A4F7556}") = "c1", "c1.csproj", "{9C55C31F-0E4C-42E6-9BC4-021F20D7C568}"
EndProject
Global
	GlobalSection(SolutionConfigurationPlatforms) = preSolution
		Debug|Any CPU = Debug|Any CPU
		Release|Any CPU = Release|Any CPU
	EndGlobalSection
	GlobalSection(ProjectConfigurationPlatforms) = postSolution
		{9C55C31F-0E4C-42E6-9BC4-021F20D7C568}.Debug|Any CPU.ActiveCfg = Debug|Any CPU
		{9C55C31F-0E4C-42E6-9BC4-021F20D7C568}.Debug|Any CPU.Build.0 = Debug|Any CPU
		{9C55C31F-0E4C-42E6-9BC4-021F20D7C568}.Release|Any CPU.ActiveCfg = Release|Any CPU
		{9C55C31F-0E4C-42E6-9BC4-021F20D7C568}.Release|Any CPU.Build.0 = Release|Any CPU
	EndGlobalSection
	GlobalSection(SolutionProperties) = preSolution
		HideSolutionNode = FALSE
	EndGlobalSection
	GlobalSection(ExtensibilityGlobals) = postSolution
		SolutionGuid = {A9483BB9-1EB9-406D-AC29-4E5E5BCAD81D}
	EndGlobalSection
EndGlobal
